
Microsoft Visual Studio Solution File, Format Version 12.00
# Visual Studio Version 17
VisualStudioVersion = 17.9.34728.123
MinimumVisualStudioVersion = 10.0.40219.1
Project("{FAE04EC0-301F-11D3-BF4B-00C04F79EFBC}") = "AccountProvider", "AccountProvider\AccountProvider.csproj", "{F213F52F-D705-41D1-94AA-B1D7EA041C4E}"
EndProject
Global
	GlobalSection(SolutionConfigurationPlatforms) = preSolution
		Debug|Any CPU = Debug|Any CPU
		Release|Any CPU = Release|Any CPU
	EndGlobalSection
	GlobalSection(ProjectConfigurationPlatforms) = postSolution
		{F213F52F-D705-41D1-94AA-B1D7EA041C4E}.Debug|Any CPU.ActiveCfg = Debug|Any CPU
		{F213F52F-D705-41D1-94AA-B1D7EA041C4E}.Debug|Any CPU.Build.0 = Debug|Any CPU
		{F213F52F-D705-41D1-94AA-B1D7EA041C4E}.Release|Any CPU.ActiveCfg = Release|Any CPU
		{F213F52F-D705-41D1-94AA-B1D7EA041C4E}.Release|Any CPU.Build.0 = Release|Any CPU
	EndGlobalSection
	GlobalSection(SolutionProperties) = preSolution
		HideSolutionNode = FALSE
	EndGlobalSection
	GlobalSection(ExtensibilityGlobals) = postSolution
		SolutionGuid = {A3725BBB-5C1A-4BCC-9EBF-25D2146EFE5A}
	EndGlobalSection
EndGlobal
